// !$*UTF8*$!
{
	archiveVersion = 1;
	classes = {
	};
	objectVersion = 55;
	objects = {

/* Begin PBXBuildFile section */
		F4E16FA22AFC568D00A0A334 /* List.cpp in Sources */ = {isa = PBXBuildFile; fileRef = F4E16F9D2AFC568D00A0A334 /* List.cpp */; };
		F4E16FA32AFC568D00A0A334 /* ListNode.cpp in Sources */ = {isa = PBXBuildFile; fileRef = F4E16F9E2AFC568D00A0A334 /* ListNode.cpp */; };
		F4E16FA62AFC75C900A0A334 /* main.cpp in Sources */ = {isa = PBXBuildFile; fileRef = F4E16FA42AFC75C900A0A334 /* main.cpp */; };
/* End PBXBuildFile section */

/* Begin PBXCopyFilesBuildPhase section */
		F4E16F872AFC55C300A0A334 /* CopyFiles */ = {
			isa = PBXCopyFilesBuildPhase;
			buildActionMask = 2147483647;
			dstPath = /usr/share/man/man1/;
			dstSubfolderSpec = 0;
			files = (
			);
			runOnlyForDeploymentPostprocessing = 1;
		};
/* End PBXCopyFilesBuildPhase section */

/* Begin PBXFileReference section */
		F4E16F892AFC55C300A0A334 /* PROJECT 3 */ = {isa = PBXFileReference; explicitFileType = "compiled.mach-o.executable"; includeInIndex = 0; path = "PROJECT 3"; sourceTree = BUILT_PRODUCTS_DIR; };
		F4E16F9D2AFC568D00A0A334 /* List.cpp */ = {isa = PBXFileReference; fileEncoding = 4; lastKnownFileType = sourcecode.cpp.cpp; name = List.cpp; path = "../../../../Downloads/ListHomework SKELETON XCode/MenuDrivenList/List.cpp"; sourceTree = "<group>"; };
		F4E16F9E2AFC568D00A0A334 /* ListNode.cpp */ = {isa = PBXFileReference; fileEncoding = 4; lastKnownFileType = sourcecode.cpp.cpp; name = ListNode.cpp; path = "../../../../Downloads/ListHomework SKELETON XCode/MenuDrivenList/ListNode.cpp"; sourceTree = "<group>"; };
		F4E16F9F2AFC568D00A0A334 /* List.h */ = {isa = PBXFileReference; fileEncoding = 4; lastKnownFileType = sourcecode.c.h; name = List.h; path = "../../../../Downloads/ListHomework SKELETON XCode/MenuDrivenList/List.h"; sourceTree = "<group>"; };
		F4E16FA02AFC568D00A0A334 /* ListNode.h */ = {isa = PBXFileReference; fileEncoding = 4; lastKnownFileType = sourcecode.c.h; name = ListNode.h; path = "../../../../Downloads/ListHomework SKELETON XCode/MenuDrivenList/ListNode.h"; sourceTree = "<group>"; };
		F4E16FA42AFC75C900A0A334 /* main.cpp */ = {isa = PBXFileReference; lastKnownFileType = sourcecode.cpp.cpp; path = main.cpp; sourceTree = "<group>"; };
/* End PBXFileReference section */

/* Begin PBXFrameworksBuildPhase section */
		F4E16F862AFC55C300A0A334 /* Frameworks */ = {
			isa = PBXFrameworksBuildPhase;
			buildActionMask = 2147483647;
			files = (
			);
			runOnlyForDeploymentPostprocessing = 0;
		};
/* End PBXFrameworksBuildPhase section */

/* Begin PBXGroup section */
		F4E16F802AFC55C300A0A334 = {
			isa = PBXGroup;
			children = (
				F4E16F8B2AFC55C300A0A334 /* PROJECT 3 */,
				F4E16F8A2AFC55C300A0A334 /* Products */,
			);
			sourceTree = "<group>";
		};
		F4E16F8A2AFC55C300A0A334 /* Products */ = {
			isa = PBXGroup;
			children = (
				F4E16F892AFC55C300A0A334 /* PROJECT 3 */,
			);
			name = Products;
			sourceTree = "<group>";
		};
		F4E16F8B2AFC55C300A0A334 /* PROJECT 3 */ = {
			isa = PBXGroup;
			children = (
				F4E16F9F2AFC568D00A0A334 /* List.h */,
				F4E16F9D2AFC568D00A0A334 /* List.cpp */,
				F4E16FA02AFC568D00A0A334 /* ListNode.h */,
				F4E16F9E2AFC568D00A0A334 /* ListNode.cpp */,
				F4E16FA42AFC75C900A0A334 /* main.cpp */,
			);
			path = "PROJECT 3";
			sourceTree = "<group>";
		};
/* End PBXGroup section */

/* Begin PBXNativeTarget section */
		F4E16F882AFC55C300A0A334 /* PROJECT 3 */ = {
			isa = PBXNativeTarget;
			buildConfigurationList = F4E16F902AFC55C300A0A334 /* Build configuration list for PBXNativeTarget "PROJECT 3" */;
			buildPhases = (
				F4E16F852AFC55C300A0A334 /* Sources */,
				F4E16F862AFC55C300A0A334 /* Frameworks */,
				F4E16F872AFC55C300A0A334 /* CopyFiles */,
			);
			buildRules = (
			);
			dependencies = (
			);
			name = "PROJECT 3";
			productName = "PROJECT 3";
			productReference = F4E16F892AFC55C300A0A334 /* PROJECT 3 */;
			productType = "com.apple.product-type.tool";
		};
/* End PBXNativeTarget section */

/* Begin PBXProject section */
		F4E16F812AFC55C300A0A334 /* Project object */ = {
			isa = PBXProject;
			attributes = {
				BuildIndependentTargetsInParallel = 1;
				LastUpgradeCheck = 1340;
				TargetAttributes = {
					F4E16F882AFC55C300A0A334 = {
						CreatedOnToolsVersion = 13.4.1;
					};
				};
			};
			buildConfigurationList = F4E16F842AFC55C300A0A334 /* Build configuration list for PBXProject "PROJECT 3" */;
			compatibilityVersion = "Xcode 13.0";
			developmentRegion = en;
			hasScannedForEncodings = 0;
			knownRegions = (
				en,
				Base,
			);
			mainGroup = F4E16F802AFC55C300A0A334;
			productRefGroup = F4E16F8A2AFC55C300A0A334 /* Products */;
			projectDirPath = "";
			projectRoot = "";
			targets = (
				F4E16F882AFC55C300A0A334 /* PROJECT 3 */,
			);
		};
/* End PBXProject section */

/* Begin PBXSourcesBuildPhase section */
		F4E16F852AFC55C300A0A334 /* Sources */ = {
			isa = PBXSourcesBuildPhase;
			buildActionMask = 2147483647;
			files = (
				F4E16FA22AFC568D00A0A334 /* List.cpp in Sources */,
				F4E16FA62AFC75C900A0A334 /* main.cpp in Sources */,
				F4E16FA32AFC568D00A0A334 /* ListNode.cpp in Sources */,
			);
			runOnlyForDeploymentPostprocessing = 0;
		};
/* End PBXSourcesBuildPhase section */

/* Begin XCBuildConfiguration section */
		F4E16F8E2AFC55C300A0A334 /* Debug */ = {
			isa = XCBuildConfiguration;
			buildSettings = {
				ALWAYS_SEARCH_USER_PATHS = NO;
				CLANG_ANALYZER_NONNULL = YES;
				CLANG_ANALYZER_NUMBER_OBJECT_CONVERSION = YES_AGGRESSIVE;
				CLANG_CXX_LANGUAGE_STANDARD = "gnu++17";
				CLANG_ENABLE_MODULES = YES;
				CLANG_ENABLE_OBJC_ARC = YES;
				CLANG_ENABLE_OBJC_WEAK = YES;
				CLANG_WARN_BLOCK_CAPTURE_AUTORELEASING = YES;
				CLANG_WARN_BOOL_CONVERSION = YES;
				CLANG_WARN_COMMA = YES;
				CLANG_WARN_CONSTANT_CONVERSION = YES;
				CLANG_WARN_DEPRECATED_OBJC_IMPLEMENTATIONS = YES;
				CLANG_WARN_DIRECT_OBJC_ISA_USAGE = YES_ERROR;
				CLANG_WARN_DOCUMENTATION_COMMENTS = YES;
				CLANG_WARN_EMPTY_BODY = YES;
				CLANG_WARN_ENUM_CONVERSION = YES;
				CLANG_WARN_INFINITE_RECURSION = YES;
				CLANG_WARN_INT_CONVERSION = YES;
				CLANG_WARN_NON_LITERAL_NULL_CONVERSION = YES;
				CLANG_WARN_OBJC_IMPLICIT_RETAIN_SELF = YES;
				CLANG_WARN_OBJC_LITERAL_CONVERSION = YES;
				CLANG_WARN_OBJC_ROOT_CLASS = YES_ERROR;
				CLANG_WARN_QUOTED_INCLUDE_IN_FRAMEWORK_HEADER = YES;
				CLANG_WARN_RANGE_LOOP_ANALYSIS = YES;
				CLANG_WARN_STRICT_PROTOTYPES = YES;
				CLANG_WARN_SUSPICIOUS_MOVE = YES;
				CLANG_WARN_UNGUARDED_AVAILABILITY = YES_AGGRESSIVE;
				CLANG_WARN_UNREACHABLE_CODE = YES;
				CLANG_WARN__DUPLICATE_METHOD_MATCH = YES;
				COPY_PHASE_STRIP = NO;
				DEBUG_INFORMATION_FORMAT = dwarf;
				ENABLE_STRICT_OBJC_MSGSEND = YES;
				ENABLE_TESTABILITY = YES;
				GCC_C_LANGUAGE_STANDARD = gnu11;
				GCC_DYNAMIC_NO_PIC = NO;
				GCC_NO_COMMON_BLOCKS = YES;
				GCC_OPTIMIZATION_LEVEL = 0;
				GCC_PREPROCESSOR_DEFINITIONS = (
					"DEBUG=1",
					"$(inherited)",
				);
				GCC_WARN_64_TO_32_BIT_CONVERSION = YES;
				GCC_WARN_ABOUT_RETURN_TYPE = YES_ERROR;
				GCC_WARN_UNDECLARED_SELECTOR = YES;
				GCC_WARN_UNINITIALIZED_AUTOS = YES_AGGRESSIVE;
				GCC_WARN_UNUSED_FUNCTION = YES;
				GCC_WARN_UNUSED_VARIABLE = YES;
				MACOSX_DEPLOYMENT_TARGET = 12.3;
				MTL_ENABLE_DEBUG_INFO = INCLUDE_SOURCE;
				MTL_FAST_MATH = YES;
				ONLY_ACTIVE_ARCH = YES;
				SDKROOT = macosx;
			};
			name = Debug;
		};
		F4E16F8F2AFC55C300A0A334 /* Release */ = {
			isa = XCBuildConfiguration;
			buildSettings = {
				ALWAYS_SEARCH_USER_PATHS = NO;
				CLANG_ANALYZER_NONNULL = YES;
				CLANG_ANALYZER_NUMBER_OBJECT_CONVERSION = YES_AGGRESSIVE;
				CLANG_CXX_LANGUAGE_STANDARD = "gnu++17";
				CLANG_ENABLE_MODULES = YES;
				CLANG_ENABLE_OBJC_ARC = YES;
				CLANG_ENABLE_OBJC_WEAK = YES;
				CLANG_WARN_BLOCK_CAPTURE_AUTORELEASING = YES;
				CLANG_WARN_BOOL_CONVERSION = YES;
				CLANG_WARN_COMMA = YES;
				CLANG_WARN_CONSTANT_CONVERSION = YES;
				CLANG_WARN_DEPRECATED_OBJC_IMPLEMENTATIONS = YES;
				CLANG_WARN_DIRECT_OBJC_ISA_USAGE = YES_ERROR;
				CLANG_WARN_DOCUMENTATION_COMMENTS = YES;
				CLANG_WARN_EMPTY_BODY = YES;
				CLANG_WARN_ENUM_CONVERSION = YES;
				CLANG_WARN_INFINITE_RECURSION = YES;
				CLANG_WARN_INT_CONVERSION = YES;
				CLANG_WARN_NON_LITERAL_NULL_CONVERSION = YES;
				CLANG_WARN_OBJC_IMPLICIT_RETAIN_SELF = YES;
				CLANG_WARN_OBJC_LITERAL_CONVERSION = YES;
				CLANG_WARN_OBJC_ROOT_CLASS = YES_ERROR;
				CLANG_WARN_QUOTED_INCLUDE_IN_FRAMEWORK_HEADER = YES;
				CLANG_WARN_RANGE_LOOP_ANALYSIS = YES;
				CLANG_WARN_STRICT_PROTOTYPES = YES;
				CLANG_WARN_SUSPICIOUS_MOVE = YES;
				CLANG_WARN_UNGUARDED_AVAILABILITY = YES_AGGRESSIVE;
				CLANG_WARN_UNREACHABLE_CODE = YES;
				CLANG_WARN__DUPLICATE_METHOD_MATCH = YES;
				COPY_PHASE_STRIP = NO;
				DEBUG_INFORMATION_FORMAT = "dwarf-with-dsym";
				ENABLE_NS_ASSERTIONS = NO;
				ENABLE_STRICT_OBJC_MSGSEND = YES;
				GCC_C_LANGUAGE_STANDARD = gnu11;
				GCC_NO_COMMON_BLOCKS = YES;
				GCC_WARN_64_TO_32_BIT_CONVERSION = YES;
				GCC_WARN_ABOUT_RETURN_TYPE = YES_ERROR;
				GCC_WARN_UNDECLARED_SELECTOR = YES;
				GCC_WARN_UNINITIALIZED_AUTOS = YES_AGGRESSIVE;
				GCC_WARN_UNUSED_FUNCTION = YES;
				GCC_WARN_UNUSED_VARIABLE = YES;
				MACOSX_DEPLOYMENT_TARGET = 12.3;
				MTL_ENABLE_DEBUG_INFO = NO;
				MTL_FAST_MATH = YES;
				SDKROOT = macosx;
			};
			name = Release;
		};
		F4E16F912AFC55C300A0A334 /* Debug */ = {
			isa = XCBuildConfiguration;
			buildSettings = {
				CODE_SIGN_STYLE = Automatic;
				PRODUCT_NAME = "$(TARGET_NAME)";
			};
			name = Debug;
		};
		F4E16F922AFC55C300A0A334 /* Release */ = {
			isa = XCBuildConfiguration;
			buildSettings = {
				CODE_SIGN_STYLE = Automatic;
				PRODUCT_NAME = "$(TARGET_NAME)";
			};
			name = Release;
		};
/* End XCBuildConfiguration section */

/* Begin XCConfigurationList section */
		F4E16F842AFC55C300A0A334 /* Build configuration list for PBXProject "PROJECT 3" */ = {
			isa = XCConfigurationList;
			buildConfigurations = (
				F4E16F8E2AFC55C300A0A334 /* Debug */,
				F4E16F8F2AFC55C300A0A334 /* Release */,
			);
			defaultConfigurationIsVisible = 0;
			defaultConfigurationName = Release;
		};
		F4E16F902AFC55C300A0A334 /* Build configuration list for PBXNativeTarget "PROJECT 3" */ = {
			isa = XCConfigurationList;
			buildConfigurations = (
				F4E16F912AFC55C300A0A334 /* Debug */,
				F4E16F922AFC55C300A0A334 /* Release */,
			);
			defaultConfigurationIsVisible = 0;
			defaultConfigurationName = Release;
		};
/* End XCConfigurationList section */
	};
	rootObject = F4E16F812AFC55C300A0A334 /* Project object */;
}
