// !$*UTF8*$!
{
	archiveVersion = 1;
	classes = {
	};
	objectVersion = 55;
	objects = {

/* Begin PBXBuildFile section */
		F4460F802B02F53D004EBD14 /* CSVFile.cpp in Sources */ = {isa = PBXBuildFile; fileRef = F4460F792B02F53D004EBD14 /* CSVFile.cpp */; };
		F4460F822B02F53D004EBD14 /* main.cpp in Sources */ = {isa = PBXBuildFile; fileRef = F4460F7F2B02F53D004EBD14 /* main.cpp */; };
		F4460F852B05A8D6004EBD14 /* Passenger.cpp in Sources */ = {isa = PBXBuildFile; fileRef = F4460F832B05A8D6004EBD14 /* Passenger.cpp */; };
		F4460F882B05A919004EBD14 /* OutputTableRow.cpp in Sources */ = {isa = PBXBuildFile; fileRef = F4460F862B05A919004EBD14 /* OutputTableRow.cpp */; };
		F4460F8B2B05A93C004EBD14 /* PassengerDatabase.cpp in Sources */ = {isa = PBXBuildFile; fileRef = F4460F892B05A93C004EBD14 /* PassengerDatabase.cpp */; };
		F4460F8E2B05A960004EBD14 /* PassengerOutputTable.cpp in Sources */ = {isa = PBXBuildFile; fileRef = F4460F8C2B05A960004EBD14 /* PassengerOutputTable.cpp */; };
/* End PBXBuildFile section */

/* Begin PBXCopyFilesBuildPhase section */
		F4460F6C2B02F51C004EBD14 /* CopyFiles */ = {
			isa = PBXCopyFilesBuildPhase;
			buildActionMask = 2147483647;
			dstPath = /usr/share/man/man1/;
			dstSubfolderSpec = 0;
			files = (
			);
			runOnlyForDeploymentPostprocessing = 1;
		};
/* End PBXCopyFilesBuildPhase section */

/* Begin PBXFileReference section */
		F4460F6E2B02F51C004EBD14 /* PROJECT 4 */ = {isa = PBXFileReference; explicitFileType = "compiled.mach-o.executable"; includeInIndex = 0; path = "PROJECT 4"; sourceTree = BUILT_PRODUCTS_DIR; };
		F4460F782B02F53D004EBD14 /* CSVFile.h */ = {isa = PBXFileReference; fileEncoding = 4; lastKnownFileType = sourcecode.c.h; path = CSVFile.h; sourceTree = "<group>"; };
		F4460F792B02F53D004EBD14 /* CSVFile.cpp */ = {isa = PBXFileReference; fileEncoding = 4; lastKnownFileType = sourcecode.cpp.cpp; path = CSVFile.cpp; sourceTree = "<group>"; };
		F4460F7A2B02F53D004EBD14 /* DataCollectorCallback.h */ = {isa = PBXFileReference; fileEncoding = 4; lastKnownFileType = sourcecode.c.h; path = DataCollectorCallback.h; sourceTree = "<group>"; };
		F4460F7B2B02F53D004EBD14 /* Settings.h */ = {isa = PBXFileReference; fileEncoding = 4; lastKnownFileType = sourcecode.c.h; path = Settings.h; sourceTree = "<group>"; };
		F4460F7D2B02F53D004EBD14 /* Enums.h */ = {isa = PBXFileReference; fileEncoding = 4; lastKnownFileType = sourcecode.c.h; path = Enums.h; sourceTree = "<group>"; };
		F4460F7F2B02F53D004EBD14 /* main.cpp */ = {isa = PBXFileReference; fileEncoding = 4; lastKnownFileType = sourcecode.cpp.cpp; name = main.cpp; path = "/Users/codylejang/Desktop/STAHL/PROJECT 4/PROJECT 4/main.cpp"; sourceTree = "<absolute>"; };
		F4460F832B05A8D6004EBD14 /* Passenger.cpp */ = {isa = PBXFileReference; lastKnownFileType = sourcecode.cpp.cpp; path = Passenger.cpp; sourceTree = "<group>"; };
		F4460F842B05A8D6004EBD14 /* Passenger.h */ = {isa = PBXFileReference; lastKnownFileType = sourcecode.c.h; path = Passenger.h; sourceTree = "<group>"; };
		F4460F862B05A919004EBD14 /* OutputTableRow.cpp */ = {isa = PBXFileReference; lastKnownFileType = sourcecode.cpp.cpp; path = OutputTableRow.cpp; sourceTree = "<group>"; };
		F4460F872B05A919004EBD14 /* OutputTableRow.h */ = {isa = PBXFileReference; lastKnownFileType = sourcecode.c.h; path = OutputTableRow.h; sourceTree = "<group>"; };
		F4460F892B05A93C004EBD14 /* PassengerDatabase.cpp */ = {isa = PBXFileReference; lastKnownFileType = sourcecode.cpp.cpp; path = PassengerDatabase.cpp; sourceTree = "<group>"; };
		F4460F8A2B05A93C004EBD14 /* PassengerDatabase.h */ = {isa = PBXFileReference; indentWidth = 5; lastKnownFileType = sourcecode.c.h; path = PassengerDatabase.h; sourceTree = "<group>"; };
		F4460F8C2B05A960004EBD14 /* PassengerOutputTable.cpp */ = {isa = PBXFileReference; lastKnownFileType = sourcecode.cpp.cpp; path = PassengerOutputTable.cpp; sourceTree = "<group>"; };
		F4460F8D2B05A960004EBD14 /* PassengerOutputTable.h */ = {isa = PBXFileReference; lastKnownFileType = sourcecode.c.h; path = PassengerOutputTable.h; sourceTree = "<group>"; };
/* End PBXFileReference section */

/* Begin PBXFrameworksBuildPhase section */
		F4460F6B2B02F51C004EBD14 /* Frameworks */ = {
			isa = PBXFrameworksBuildPhase;
			buildActionMask = 2147483647;
			files = (
			);
			runOnlyForDeploymentPostprocessing = 0;
		};
/* End PBXFrameworksBuildPhase section */

/* Begin PBXGroup section */
		F4460F652B02F51C004EBD14 = {
			isa = PBXGroup;
			children = (
				F4460F702B02F51C004EBD14 /* PROJECT 4 */,
				F4460F6F2B02F51C004EBD14 /* Products */,
			);
			sourceTree = "<group>";
		};
		F4460F6F2B02F51C004EBD14 /* Products */ = {
			isa = PBXGroup;
			children = (
				F4460F6E2B02F51C004EBD14 /* PROJECT 4 */,
			);
			name = Products;
			sourceTree = "<group>";
		};
		F4460F702B02F51C004EBD14 /* PROJECT 4 */ = {
			isa = PBXGroup;
			children = (
				F4460F7D2B02F53D004EBD14 /* Enums.h */,
				F4460F7B2B02F53D004EBD14 /* Settings.h */,
				F4460F7A2B02F53D004EBD14 /* DataCollectorCallback.h */,
				F4460F782B02F53D004EBD14 /* CSVFile.h */,
				F4460F792B02F53D004EBD14 /* CSVFile.cpp */,
				F4460F872B05A919004EBD14 /* OutputTableRow.h */,
				F4460F862B05A919004EBD14 /* OutputTableRow.cpp */,
				F4460F842B05A8D6004EBD14 /* Passenger.h */,
				F4460F832B05A8D6004EBD14 /* Passenger.cpp */,
				F4460F8A2B05A93C004EBD14 /* PassengerDatabase.h */,
				F4460F892B05A93C004EBD14 /* PassengerDatabase.cpp */,
				F4460F8D2B05A960004EBD14 /* PassengerOutputTable.h */,
				F4460F8C2B05A960004EBD14 /* PassengerOutputTable.cpp */,
				F4460F7F2B02F53D004EBD14 /* main.cpp */,
			);
			path = "PROJECT 4";
			sourceTree = "<group>";
		};
/* End PBXGroup section */

/* Begin PBXNativeTarget section */
		F4460F6D2B02F51C004EBD14 /* PROJECT 4 */ = {
			isa = PBXNativeTarget;
			buildConfigurationList = F4460F752B02F51C004EBD14 /* Build configuration list for PBXNativeTarget "PROJECT 4" */;
			buildPhases = (
				F4460F6A2B02F51C004EBD14 /* Sources */,
				F4460F6B2B02F51C004EBD14 /* Frameworks */,
				F4460F6C2B02F51C004EBD14 /* CopyFiles */,
			);
			buildRules = (
			);
			dependencies = (
			);
			name = "PROJECT 4";
			productName = "PROJECT 4";
			productReference = F4460F6E2B02F51C004EBD14 /* PROJECT 4 */;
			productType = "com.apple.product-type.tool";
		};
/* End PBXNativeTarget section */

/* Begin PBXProject section */
		F4460F662B02F51C004EBD14 /* Project object */ = {
			isa = PBXProject;
			attributes = {
				BuildIndependentTargetsInParallel = 1;
				LastUpgradeCheck = 1340;
				TargetAttributes = {
					F4460F6D2B02F51C004EBD14 = {
						CreatedOnToolsVersion = 13.4.1;
					};
				};
			};
			buildConfigurationList = F4460F692B02F51C004EBD14 /* Build configuration list for PBXProject "PROJECT 4" */;
			compatibilityVersion = "Xcode 13.0";
			developmentRegion = en;
			hasScannedForEncodings = 0;
			knownRegions = (
				en,
				Base,
			);
			mainGroup = F4460F652B02F51C004EBD14;
			productRefGroup = F4460F6F2B02F51C004EBD14 /* Products */;
			projectDirPath = "";
			projectRoot = "";
			targets = (
				F4460F6D2B02F51C004EBD14 /* PROJECT 4 */,
			);
		};
/* End PBXProject section */

/* Begin PBXSourcesBuildPhase section */
		F4460F6A2B02F51C004EBD14 /* Sources */ = {
			isa = PBXSourcesBuildPhase;
			buildActionMask = 2147483647;
			files = (
				F4460F882B05A919004EBD14 /* OutputTableRow.cpp in Sources */,
				F4460F8E2B05A960004EBD14 /* PassengerOutputTable.cpp in Sources */,
				F4460F802B02F53D004EBD14 /* CSVFile.cpp in Sources */,
				F4460F8B2B05A93C004EBD14 /* PassengerDatabase.cpp in Sources */,
				F4460F852B05A8D6004EBD14 /* Passenger.cpp in Sources */,
				F4460F822B02F53D004EBD14 /* main.cpp in Sources */,
			);
			runOnlyForDeploymentPostprocessing = 0;
		};
/* End PBXSourcesBuildPhase section */

/* Begin XCBuildConfiguration section */
		F4460F732B02F51C004EBD14 /* Debug */ = {
			isa = XCBuildConfiguration;
			buildSettings = {
				ALWAYS_SEARCH_USER_PATHS = NO;
				CLANG_ANALYZER_NONNULL = YES;
				CLANG_ANALYZER_NUMBER_OBJECT_CONVERSION = YES_AGGRESSIVE;
				CLANG_CXX_LANGUAGE_STANDARD = "gnu++17";
				CLANG_ENABLE_MODULES = YES;
				CLANG_ENABLE_OBJC_ARC = YES;
				CLANG_ENABLE_OBJC_WEAK = YES;
				CLANG_WARN_BLOCK_CAPTURE_AUTORELEASING = YES;
				CLANG_WARN_BOOL_CONVERSION = YES;
				CLANG_WARN_COMMA = YES;
				CLANG_WARN_CONSTANT_CONVERSION = YES;
				CLANG_WARN_DEPRECATED_OBJC_IMPLEMENTATIONS = YES;
				CLANG_WARN_DIRECT_OBJC_ISA_USAGE = YES_ERROR;
				CLANG_WARN_DOCUMENTATION_COMMENTS = YES;
				CLANG_WARN_EMPTY_BODY = YES;
				CLANG_WARN_ENUM_CONVERSION = YES;
				CLANG_WARN_INFINITE_RECURSION = YES;
				CLANG_WARN_INT_CONVERSION = YES;
				CLANG_WARN_NON_LITERAL_NULL_CONVERSION = YES;
				CLANG_WARN_OBJC_IMPLICIT_RETAIN_SELF = YES;
				CLANG_WARN_OBJC_LITERAL_CONVERSION = YES;
				CLANG_WARN_OBJC_ROOT_CLASS = YES_ERROR;
				CLANG_WARN_QUOTED_INCLUDE_IN_FRAMEWORK_HEADER = YES;
				CLANG_WARN_RANGE_LOOP_ANALYSIS = YES;
				CLANG_WARN_STRICT_PROTOTYPES = YES;
				CLANG_WARN_SUSPICIOUS_MOVE = YES;
				CLANG_WARN_UNGUARDED_AVAILABILITY = YES_AGGRESSIVE;
				CLANG_WARN_UNREACHABLE_CODE = YES;
				CLANG_WARN__DUPLICATE_METHOD_MATCH = YES;
				COPY_PHASE_STRIP = NO;
				DEBUG_INFORMATION_FORMAT = dwarf;
				ENABLE_STRICT_OBJC_MSGSEND = YES;
				ENABLE_TESTABILITY = YES;
				GCC_C_LANGUAGE_STANDARD = gnu11;
				GCC_DYNAMIC_NO_PIC = NO;
				GCC_NO_COMMON_BLOCKS = YES;
				GCC_OPTIMIZATION_LEVEL = 0;
				GCC_PREPROCESSOR_DEFINITIONS = (
					"DEBUG=1",
					"$(inherited)",
				);
				GCC_WARN_64_TO_32_BIT_CONVERSION = YES;
				GCC_WARN_ABOUT_RETURN_TYPE = YES_ERROR;
				GCC_WARN_UNDECLARED_SELECTOR = YES;
				GCC_WARN_UNINITIALIZED_AUTOS = YES_AGGRESSIVE;
				GCC_WARN_UNUSED_FUNCTION = YES;
				GCC_WARN_UNUSED_VARIABLE = YES;
				MACOSX_DEPLOYMENT_TARGET = 12.3;
				MTL_ENABLE_DEBUG_INFO = INCLUDE_SOURCE;
				MTL_FAST_MATH = YES;
				ONLY_ACTIVE_ARCH = YES;
				SDKROOT = macosx;
			};
			name = Debug;
		};
		F4460F742B02F51C004EBD14 /* Release */ = {
			isa = XCBuildConfiguration;
			buildSettings = {
				ALWAYS_SEARCH_USER_PATHS = NO;
				CLANG_ANALYZER_NONNULL = YES;
				CLANG_ANALYZER_NUMBER_OBJECT_CONVERSION = YES_AGGRESSIVE;
				CLANG_CXX_LANGUAGE_STANDARD = "gnu++17";
				CLANG_ENABLE_MODULES = YES;
				CLANG_ENABLE_OBJC_ARC = YES;
				CLANG_ENABLE_OBJC_WEAK = YES;
				CLANG_WARN_BLOCK_CAPTURE_AUTORELEASING = YES;
				CLANG_WARN_BOOL_CONVERSION = YES;
				CLANG_WARN_COMMA = YES;
				CLANG_WARN_CONSTANT_CONVERSION = YES;
				CLANG_WARN_DEPRECATED_OBJC_IMPLEMENTATIONS = YES;
				CLANG_WARN_DIRECT_OBJC_ISA_USAGE = YES_ERROR;
				CLANG_WARN_DOCUMENTATION_COMMENTS = YES;
				CLANG_WARN_EMPTY_BODY = YES;
				CLANG_WARN_ENUM_CONVERSION = YES;
				CLANG_WARN_INFINITE_RECURSION = YES;
				CLANG_WARN_INT_CONVERSION = YES;
				CLANG_WARN_NON_LITERAL_NULL_CONVERSION = YES;
				CLANG_WARN_OBJC_IMPLICIT_RETAIN_SELF = YES;
				CLANG_WARN_OBJC_LITERAL_CONVERSION = YES;
				CLANG_WARN_OBJC_ROOT_CLASS = YES_ERROR;
				CLANG_WARN_QUOTED_INCLUDE_IN_FRAMEWORK_HEADER = YES;
				CLANG_WARN_RANGE_LOOP_ANALYSIS = YES;
				CLANG_WARN_STRICT_PROTOTYPES = YES;
				CLANG_WARN_SUSPICIOUS_MOVE = YES;
				CLANG_WARN_UNGUARDED_AVAILABILITY = YES_AGGRESSIVE;
				CLANG_WARN_UNREACHABLE_CODE = YES;
				CLANG_WARN__DUPLICATE_METHOD_MATCH = YES;
				COPY_PHASE_STRIP = NO;
				DEBUG_INFORMATION_FORMAT = "dwarf-with-dsym";
				ENABLE_NS_ASSERTIONS = NO;
				ENABLE_STRICT_OBJC_MSGSEND = YES;
				GCC_C_LANGUAGE_STANDARD = gnu11;
				GCC_NO_COMMON_BLOCKS = YES;
				GCC_WARN_64_TO_32_BIT_CONVERSION = YES;
				GCC_WARN_ABOUT_RETURN_TYPE = YES_ERROR;
				GCC_WARN_UNDECLARED_SELECTOR = YES;
				GCC_WARN_UNINITIALIZED_AUTOS = YES_AGGRESSIVE;
				GCC_WARN_UNUSED_FUNCTION = YES;
				GCC_WARN_UNUSED_VARIABLE = YES;
				MACOSX_DEPLOYMENT_TARGET = 12.3;
				MTL_ENABLE_DEBUG_INFO = NO;
				MTL_FAST_MATH = YES;
				SDKROOT = macosx;
			};
			name = Release;
		};
		F4460F762B02F51C004EBD14 /* Debug */ = {
			isa = XCBuildConfiguration;
			buildSettings = {
				CODE_SIGN_STYLE = Automatic;
				PRODUCT_NAME = "$(TARGET_NAME)";
			};
			name = Debug;
		};
		F4460F772B02F51C004EBD14 /* Release */ = {
			isa = XCBuildConfiguration;
			buildSettings = {
				CODE_SIGN_STYLE = Automatic;
				PRODUCT_NAME = "$(TARGET_NAME)";
			};
			name = Release;
		};
/* End XCBuildConfiguration section */

/* Begin XCConfigurationList section */
		F4460F692B02F51C004EBD14 /* Build configuration list for PBXProject "PROJECT 4" */ = {
			isa = XCConfigurationList;
			buildConfigurations = (
				F4460F732B02F51C004EBD14 /* Debug */,
				F4460F742B02F51C004EBD14 /* Release */,
			);
			defaultConfigurationIsVisible = 0;
			defaultConfigurationName = Release;
		};
		F4460F752B02F51C004EBD14 /* Build configuration list for PBXNativeTarget "PROJECT 4" */ = {
			isa = XCConfigurationList;
			buildConfigurations = (
				F4460F762B02F51C004EBD14 /* Debug */,
				F4460F772B02F51C004EBD14 /* Release */,
			);
			defaultConfigurationIsVisible = 0;
			defaultConfigurationName = Release;
		};
/* End XCConfigurationList section */
	};
	rootObject = F4460F662B02F51C004EBD14 /* Project object */;
}
